
Microsoft Visual Studio Solution File, Format Version 12.00
# Visual Studio Version 17
VisualStudioVersion = 17.14.36429.23 d17.14
MinimumVisualStudioVersion = 10.0.40219.1
Project("{54A90642-561A-4BB1-A94E-469ADEE60C69}") = "synergydistrict.client", "synergydistrict.client\synergydistrict.client.esproj", "{5991D6D9-7F04-27D6-7047-8E9D7C152F3F}"
EndProject
Project("{FAE04EC0-301F-11D3-BF4B-00C04F79EFBC}") = "SynergyDistrict.Server", "SynergyDistrict.Server\SynergyDistrict.Server.csproj", "{4237CA10-1902-41E5-9898-FA8973473623}"
EndProject
Global
	GlobalSection(SolutionConfigurationPlatforms) = preSolution
		Debug|Any CPU = Debug|Any CPU
		Release|Any CPU = Release|Any CPU
	EndGlobalSection
	GlobalSection(ProjectConfigurationPlatforms) = postSolution
		{5991D6D9-7F04-27D6-7047-8E9D7C152F3F}.Debug|Any CPU.ActiveCfg = Debug|Any CPU
		{5991D6D9-7F04-27D6-7047-8E9D7C152F3F}.Debug|Any CPU.Build.0 = Debug|Any CPU
		{5991D6D9-7F04-27D6-7047-8E9D7C152F3F}.Debug|Any CPU.Deploy.0 = Debug|Any CPU
		{5991D6D9-7F04-27D6-7047-8E9D7C152F3F}.Release|Any CPU.ActiveCfg = Release|Any CPU
		{5991D6D9-7F04-27D6-7047-8E9D7C152F3F}.Release|Any CPU.Build.0 = Release|Any CPU
		{5991D6D9-7F04-27D6-7047-8E9D7C152F3F}.Release|Any CPU.Deploy.0 = Release|Any CPU
		{4237CA10-1902-41E5-9898-FA8973473623}.Debug|Any CPU.ActiveCfg = Debug|Any CPU
		{4237CA10-1902-41E5-9898-FA8973473623}.Debug|Any CPU.Build.0 = Debug|Any CPU
		{4237CA10-1902-41E5-9898-FA8973473623}.Release|Any CPU.ActiveCfg = Release|Any CPU
		{4237CA10-1902-41E5-9898-FA8973473623}.Release|Any CPU.Build.0 = Release|Any CPU
	EndGlobalSection
	GlobalSection(SolutionProperties) = preSolution
		HideSolutionNode = FALSE
	EndGlobalSection
	GlobalSection(ExtensibilityGlobals) = postSolution
		SolutionGuid = {E53876CE-17FB-44A4-8D3A-2AE6E1BC6526}
	EndGlobalSection
EndGlobal
